// !$*UTF8*$!
{
	archiveVersion = 1;
	classes = {
	};
	objectVersion = 77;
	objects = {

/* Begin PBXContainerItemProxy section */
		D5E2DC72301BE0C8008B1F29 /* PBXContainerItemProxy */ = {
			isa = PBXContainerItemProxy;
			containerPortal = D5E2DC57301BE0C4008B1F29 /* Project object */;
			proxyType = 1;
			remoteGlobalIDString = D5E2DC5E301BE0C4008B1F29;
			remoteInfo = lidar;
		};
		D5E2DC7C301BE0C8008B1F29 /* PBXContainerItemProxy */ = {
			isa = PBXContainerItemProxy;
			containerPortal = D5E2DC57301BE0C4008B1F29 /* Project object */;
			proxyType = 1;
			remoteGlobalIDString = D5E2DC5E301BE0C4008B1F29;
			remoteInfo = lidar;
		};
/* End PBXContainerItemProxy section */

/* Begin PBXFileReference section */
		D5E2DC5F301BE0C4008B1F29 /* lidar.app */ = {isa = PBXFileReference; explicitFileType = wrapper.application; includeInIndex = 0; path = lidar.app; sourceTree = BUILT_PRODUCTS_DIR; };
		D5E2DC71301BE0C8008B1F29 /* lidarTests.xctest */ = {isa = PBXFileReference; explicitFileType = wrapper.cfbundle; includeInIndex = 0; path = lidarTests.xctest; sourceTree = BUILT_PRODUCTS_DIR; };
		D5E2DC7B301BE0C8008B1F29 /* lidarUITests.xctest */ = {isa = PBXFileReference; explicitFileType = wrapper.cfbundle; includeInIndex = 0; path = lidarUITests.xctest; sourceTree = BUILT_PRODUCTS_DIR; };
/* End PBXFileReference section */

/* Begin PBXFileSystemSynchronizedRootGroup section */
		D5E2DC61301BE0C4008B1F29 /* lidar */ = {
			isa = PBXFileSystemSynchronizedRootGroup;
			path = lidar;
			sourceTree = "<group>";
		};
		D5E2DC74301BE0C8008B1F29 /* lidarTests */ = {
			isa = PBXFileSystemSynchronizedRootGroup;
			path = lidarTests;
			sourceTree = "<group>";
		};
		D5E2DC7E301BE0C8008B1F29 /* lidarUITests */ = {
			isa = PBXFileSystemSynchronizedRootGroup;
			path = lidarUITests;
			sourceTree = "<group>";
		};
/* End PBXFileSystemSynchronizedRootGroup section */

/* Begin PBXFrameworksBuildPhase section */
		D5E2DC5C301BE0C4008B1F29 /* Frameworks */ = {
			isa = PBXFrameworksBuildPhase;
			buildActionMask = 2147483647;
			files = (
			);
			runOnlyForDeploymentPostprocessing = 0;
		};
		D5E2DC6E301BE0C8008B1F29 /* Frameworks */ = {
			isa = PBXFrameworksBuildPhase;
			buildActionMask = 2147483647;
			files = (
			);
			runOnlyForDeploymentPostprocessing = 0;
		};
		D5E2DC78301BE0C8008B1F29 /* Frameworks */ = {
			isa = PBXFrameworksBuildPhase;
			buildActionMask = 2147483647;
			files = (
			);
			runOnlyForDeploymentPostprocessing = 0;
		};
/* End PBXFrameworksBuildPhase section */

/* Begin PBXGroup section */
		D5E2DC56301BE0C4008B1F29 = {
			isa = PBXGroup;
			children = (
				D5E2DC61301BE0C4008B1F29 /* lidar */,
				D5E2DC74301BE0C8008B1F29 /* lidarTests */,
				D5E2DC7E301BE0C8008B1F29 /* lidarUITests */,
				D5E2DC60301BE0C4008B1F29 /* Products */,
			);
			sourceTree = "<group>";
		};
		D5E2DC60301BE0C4008B1F29 /* Products */ = {
			isa = PBXGroup;
			children = (
				D5E2DC5F301BE0C4008B1F29 /* lidar.app */,
				D5E2DC71301BE0C8008B1F29 /* lidarTests.xctest */,
				D5E2DC7B301BE0C8008B1F29 /* lidarUITests.xctest */,
			);
			name = Products;
			sourceTree = "<group>";
		};
/* End PBXGroup section */

/* Begin PBXNativeTarget section */
		D5E2DC5E301BE0C4008B1F29 /* lidar */ = {
			isa = PBXNativeTarget;
			buildConfigurationList = D5E2DC85301BE0C8008B1F29 /* Build configuration list for PBXNativeTarget "lidar" */;
			buildPhases = (
				D5E2DC5B301BE0C4008B1F29 /* Sources */,
				D5E2DC5C301BE0C4008B1F29 /* Frameworks */,
				D5E2DC5D301BE0C4008B1F29 /* Resources */,
			);
			buildRules = (
			);
			dependencies = (
			);
			fileSystemSynchronizedGroups = (
				D5E2DC61301BE0C4008B1F29 /* lidar */,
			);
			name = lidar;
			packageProductDependencies = (
			);
			productName = lidar;
			productReference = D5E2DC5F301BE0C4008B1F29 /* lidar.app */;
			productType = "com.apple.product-type.application";
		};
		D5E2DC70301BE0C8008B1F29 /* lidarTests */ = {
			isa = PBXNativeTarget;
			buildConfigurationList = D5E2DC88301BE0C8008B1F29 /* Build configuration list for PBXNativeTarget "lidarTests" */;
			buildPhases = (
				D5E2DC6D301BE0C8008B1F29 /* Sources */,
				D5E2DC6E301BE0C8008B1F29 /* Frameworks */,
				D5E2DC6F301BE0C8008B1F29 /* Resources */,
			);
			buildRules = (
			);
			dependencies = (
				D5E2DC73301BE0C8008B1F29 /* PBXTargetDependency */,
			);
			fileSystemSynchronizedGroups = (
				D5E2DC74301BE0C8008B1F29 /* lidarTests */,
			);
			name = lidarTests;
			packageProductDependencies = (
			);
			productName = lidarTests;
			productReference = D5E2DC71301BE0C8008B1F29 /* lidarTests.xctest */;
			productType = "com.apple.product-type.bundle.unit-test";
		};
		D5E2DC7A301BE0C8008B1F29 /* lidarUITests */ = {
			isa = PBXNativeTarget;
			buildConfigurationList = D5E2DC8B301BE0C8008B1F29 /* Build configuration list for PBXNativeTarget "lidarUITests" */;
			buildPhases = (
				D5E2DC77301BE0C8008B1F29 /* Sources */,
				D5E2DC78301BE0C8008B1F29 /* Frameworks */,
				D5E2DC79301BE0C8008B1F29 /* Resources */,
			);
			buildRules = (
			);
			dependencies = (
				D5E2DC7D301BE0C8008B1F29 /* PBXTargetDependency */,
			);
			fileSystemSynchronizedGroups = (
				D5E2DC7E301BE0C8008B1F29 /* lidarUITests */,
			);
			name = lidarUITests;
			packageProductDependencies = (
			);
			productName = lidarUITests;
			productReference = D5E2DC7B301BE0C8008B1F29 /* lidarUITests.xctest */;
			productType = "com.apple.product-type.bundle.ui-testing";
		};
/* End PBXNativeTarget section */

/* Begin PBXProject section */
		D5E2DC57301BE0C4008B1F29 /* Project object */ = {
			isa = PBXProject;
			attributes = {
				BuildIndependentTargetsInParallel = 1;
				LastSwiftUpdateCheck = 1630;
				LastUpgradeCheck = 1630;
				TargetAttributes = {
					D5E2DC5E301BE0C4008B1F29 = {
						CreatedOnToolsVersion = 16.3;
					};
					D5E2DC70301BE0C8008B1F29 = {
						CreatedOnToolsVersion = 16.3;
						TestTargetID = D5E2DC5E301BE0C4008B1F29;
					};
					D5E2DC7A301BE0C8008B1F29 = {
						CreatedOnToolsVersion = 16.3;
						TestTargetID = D5E2DC5E301BE0C4008B1F29;
					};
				};
			};
			buildConfigurationList = D5E2DC5A301BE0C4008B1F29 /* Build configuration list for PBXProject "lidar" */;
			developmentRegion = en;
			hasScannedForEncodings = 0;
			knownRegions = (
				en,
				Base,
			);
			mainGroup = D5E2DC56301BE0C4008B1F29;
			minimizedProjectReferenceProxies = 1;
			preferredProjectObjectVersion = 77;
			productRefGroup = D5E2DC60301BE0C4008B1F29 /* Products */;
			projectDirPath = "";
			projectRoot = "";
			targets = (
				D5E2DC5E301BE0C4008B1F29 /* lidar */,
				D5E2DC70301BE0C8008B1F29 /* lidarTests */,
				D5E2DC7A301BE0C8008B1F29 /* lidarUITests */,
			);
		};
/* End PBXProject section */

/* Begin PBXResourcesBuildPhase section */
		D5E2DC5D301BE0C4008B1F29 /* Resources */ = {
			isa = PBXResourcesBuildPhase;
			buildActionMask = 2147483647;
			files = (
			);
			runOnlyForDeploymentPostprocessing = 0;
		};
		D5E2DC6F301BE0C8008B1F29 /* Resources */ = {
			isa = PBXResourcesBuildPhase;
			buildActionMask = 2147483647;
			files = (
			);
			runOnlyForDeploymentPostprocessing = 0;
		};
		D5E2DC79301BE0C8008B1F29 /* Resources */ = {
			isa = PBXResourcesBuildPhase;
			buildActionMask = 2147483647;
			files = (
			);
			runOnlyForDeploymentPostprocessing = 0;
		};
/* End PBXResourcesBuildPhase section */

/* Begin PBXSourcesBuildPhase section */
		D5E2DC5B301BE0C4008B1F29 /* Sources */ = {
			isa = PBXSourcesBuildPhase;
			buildActionMask = 2147483647;
			files = (
			);
			runOnlyForDeploymentPostprocessing = 0;
		};
		D5E2DC6D301BE0C8008B1F29 /* Sources */ = {
			isa = PBXSourcesBuildPhase;
			buildActionMask = 2147483647;
			files = (
			);
			runOnlyForDeploymentPostprocessing = 0;
		};
		D5E2DC77301BE0C8008B1F29 /* Sources */ = {
			isa = PBXSourcesBuildPhase;
			buildActionMask = 2147483647;
			files = (
			);
			runOnlyForDeploymentPostprocessing = 0;
		};
/* End PBXSourcesBuildPhase section */

/* Begin PBXTargetDependency section */
		D5E2DC73301BE0C8008B1F29 /* PBXTargetDependency */ = {
			isa = PBXTargetDependency;
			target = D5E2DC5E301BE0C4008B1F29 /* lidar */;
			targetProxy = D5E2DC72301BE0C8008B1F29 /* PBXContainerItemProxy */;
		};
		D5E2DC7D301BE0C8008B1F29 /* PBXTargetDependency */ = {
			isa = PBXTargetDependency;
			target = D5E2DC5E301BE0C4008B1F29 /* lidar */;
			targetProxy = D5E2DC7C301BE0C8008B1F29 /* PBXContainerItemProxy */;
		};
/* End PBXTargetDependency section */

/* Begin XCBuildConfiguration section */
		D5E2DC83301BE0C8008B1F29 /* Debug */ = {
			isa = XCBuildConfiguration;
			buildSettings = {
				ALWAYS_SEARCH_USER_PATHS = NO;
				ASSETCATALOG_COMPILER_GENERATE_SWIFT_ASSET_SYMBOL_EXTENSIONS = YES;
				CLANG_ANALYZER_NONNULL = YES;
				CLANG_ANALYZER_NUMBER_OBJECT_CONVERSION = YES_AGGRESSIVE;
				CLANG_CXX_LANGUAGE_STANDARD = "gnu++20";
				CLANG_ENABLE_MODULES = YES;
				CLANG_ENABLE_OBJC_ARC = YES;
				CLANG_ENABLE_OBJC_WEAK = YES;
				CLANG_WARN_BLOCK_CAPTURE_AUTORELEASING = YES;
				CLANG_WARN_BOOL_CONVERSION = YES;
				CLANG_WARN_COMMA = YES;
				CLANG_WARN_CONSTANT_CONVERSION = YES;
				CLANG_WARN_DEPRECATED_OBJC_IMPLEMENTATIONS = YES;
				CLANG_WARN_DIRECT_OBJC_ISA_USAGE = YES_ERROR;
				CLANG_WARN_DOCUMENTATION_COMMENTS = YES;
				CLANG_WARN_EMPTY_BODY = YES;
				CLANG_WARN_ENUM_CONVERSION = YES;
				CLANG_WARN_INFINITE_RECURSION = YES;
				CLANG_WARN_INT_CONVERSION = YES;
				CLANG_WARN_NON_LITERAL_NULL_CONVERSION = YES;
				CLANG_WARN_OBJC_IMPLICIT_RETAIN_SELF = YES;
				CLANG_WARN_OBJC_LITERAL_CONVERSION = YES;
				CLANG_WARN_OBJC_ROOT_CLASS = YES_ERROR;
				CLANG_WARN_QUOTED_INCLUDE_IN_FRAMEWORK_HEADER = YES;
				CLANG_WARN_RANGE_LOOP_ANALYSIS = YES;
				CLANG_WARN_STRICT_PROTOTYPES = YES;
				CLANG_WARN_SUSPICIOUS_MOVE = YES;
				CLANG_WARN_UNGUARDED_AVAILABILITY = YES_AGGRESSIVE;
				CLANG_WARN_UNREACHABLE_CODE = YES;
				CLANG_WARN__DUPLICATE_METHOD_MATCH = YES;
				COPY_PHASE_STRIP = NO;
				DEBUG_INFORMATION_FORMAT = dwarf;
				DEVELOPMENT_TEAM = 2P43R8TU72;
				ENABLE_STRICT_OBJC_MSGSEND = YES;
				ENABLE_TESTABILITY = YES;
				ENABLE_USER_SCRIPT_SANDBOXING = YES;
				GCC_C_LANGUAGE_STANDARD = gnu17;
				GCC_DYNAMIC_NO_PIC = NO;
				GCC_NO_COMMON_BLOCKS = YES;
				GCC_OPTIMIZATION_LEVEL = 0;
				GCC_PREPROCESSOR_DEFINITIONS = (
					"DEBUG=1",
					"$(inherited)",
				);
				GCC_WARN_64_TO_32_BIT_CONVERSION = YES;
				GCC_WARN_ABOUT_RETURN_TYPE = YES_ERROR;
				GCC_WARN_UNDECLARED_SELECTOR = YES;
				GCC_WARN_UNINITIALIZED_AUTOS = YES_AGGRESSIVE;
				GCC_WARN_UNUSED_FUNCTION = YES;
				GCC_WARN_UNUSED_VARIABLE = YES;
				IPHONEOS_DEPLOYMENT_TARGET = 18.4;
				LOCALIZATION_PREFERS_STRING_CATALOGS = YES;
				MTL_ENABLE_DEBUG_INFO = INCLUDE_SOURCE;
				MTL_FAST_MATH = YES;
				ONLY_ACTIVE_ARCH = YES;
				SDKROOT = iphoneos;
				SWIFT_ACTIVE_COMPILATION_CONDITIONS = "DEBUG $(inherited)";
				SWIFT_OPTIMIZATION_LEVEL = "-Onone";
			};
			name = Debug;
		};
		D5E2DC84301BE0C8008B1F29 /* Release */ = {
			isa = XCBuildConfiguration;
			buildSettings = {
				ALWAYS_SEARCH_USER_PATHS = NO;
				ASSETCATALOG_COMPILER_GENERATE_SWIFT_ASSET_SYMBOL_EXTENSIONS = YES;
				CLANG_ANALYZER_NONNULL = YES;
				CLANG_ANALYZER_NUMBER_OBJECT_CONVERSION = YES_AGGRESSIVE;
				CLANG_CXX_LANGUAGE_STANDARD = "gnu++20";
				CLANG_ENABLE_MODULES = YES;
				CLANG_ENABLE_OBJC_ARC = YES;
				CLANG_ENABLE_OBJC_WEAK = YES;
				CLANG_WARN_BLOCK_CAPTURE_AUTORELEASING = YES;
				CLANG_WARN_BOOL_CONVERSION = YES;
				CLANG_WARN_COMMA = YES;
				CLANG_WARN_CONSTANT_CONVERSION = YES;
				CLANG_WARN_DEPRECATED_OBJC_IMPLEMENTATIONS = YES;
				CLANG_WARN_DIRECT_OBJC_ISA_USAGE = YES_ERROR;
				CLANG_WARN_DOCUMENTATION_COMMENTS = YES;
				CLANG_WARN_EMPTY_BODY = YES;
				CLANG_WARN_ENUM_CONVERSION = YES;
				CLANG_WARN_INFINITE_RECURSION = YES;
				CLANG_WARN_INT_CONVERSION = YES;
				CLANG_WARN_NON_LITERAL_NULL_CONVERSION = YES;
				CLANG_WARN_OBJC_IMPLICIT_RETAIN_SELF = YES;
				CLANG_WARN_OBJC_LITERAL_CONVERSION = YES;
				CLANG_WARN_OBJC_ROOT_CLASS = YES_ERROR;
				CLANG_WARN_QUOTED_INCLUDE_IN_FRAMEWORK_HEADER = YES;
				CLANG_WARN_RANGE_LOOP_ANALYSIS = YES;
				CLANG_WARN_STRICT_PROTOTYPES = YES;
				CLANG_WARN_SUSPICIOUS_MOVE = YES;
				CLANG_WARN_UNGUARDED_AVAILABILITY = YES_AGGRESSIVE;
				CLANG_WARN_UNREACHABLE_CODE = YES;
				CLANG_WARN__DUPLICATE_METHOD_MATCH = YES;
				COPY_PHASE_STRIP = NO;
				DEBUG_INFORMATION_FORMAT = "dwarf-with-dsym";
				DEVELOPMENT_TEAM = 2P43R8TU72;
				ENABLE_NS_ASSERTIONS = NO;
				ENABLE_STRICT_OBJC_MSGSEND = YES;
				ENABLE_USER_SCRIPT_SANDBOXING = YES;
				GCC_C_LANGUAGE_STANDARD = gnu17;
				GCC_NO_COMMON_BLOCKS = YES;
				GCC_WARN_64_TO_32_BIT_CONVERSION = YES;
				GCC_WARN_ABOUT_RETURN_TYPE = YES_ERROR;
				GCC_WARN_UNDECLARED_SELECTOR = YES;
				GCC_WARN_UNINITIALIZED_AUTOS = YES_AGGRESSIVE;
				GCC_WARN_UNUSED_FUNCTION = YES;
				GCC_WARN_UNUSED_VARIABLE = YES;
				IPHONEOS_DEPLOYMENT_TARGET = 18.4;
				LOCALIZATION_PREFERS_STRING_CATALOGS = YES;
				MTL_ENABLE_DEBUG_INFO = NO;
				MTL_FAST_MATH = YES;
				SDKROOT = iphoneos;
				SWIFT_COMPILATION_MODE = wholemodule;
				VALIDATE_PRODUCT = YES;
			};
			name = Release;
		};
		D5E2DC86301BE0C8008B1F29 /* Debug */ = {
			isa = XCBuildConfiguration;
			buildSettings = {
				ASSETCATALOG_COMPILER_APPICON_NAME = AppIcon;
				ASSETCATALOG_COMPILER_GLOBAL_ACCENT_COLOR_NAME = AccentColor;
				CODE_SIGN_STYLE = Automatic;
				CURRENT_PROJECT_VERSION = 1;
				DEVELOPMENT_TEAM = 2P43R8TU72;
				ENABLE_PREVIEWS = YES;
				GENERATE_INFOPLIST_FILE = YES;
				INFOPLIST_KEY_UIApplicationSceneManifest_Generation = YES;
				INFOPLIST_KEY_UIApplicationSupportsIndirectInputEvents = YES;
				INFOPLIST_KEY_UILaunchScreen_Generation = YES;
				INFOPLIST_KEY_UISupportedInterfaceOrientations_iPad = "UIInterfaceOrientationPortrait UIInterfaceOrientationPortraitUpsideDown UIInterfaceOrientationLandscapeLeft UIInterfaceOrientationLandscapeRight";
				INFOPLIST_KEY_UISupportedInterfaceOrientations_iPhone = "UIInterfaceOrientationPortrait UIInterfaceOrientationLandscapeLeft UIInterfaceOrientationLandscapeRight";
				LD_RUNPATH_SEARCH_PATHS = (
					"$(inherited)",
					"@executable_path/Frameworks",
				);
				MARKETING_VERSION = 1.0;
				PRODUCT_BUNDLE_IDENTIFIER = com.TedSchultz.lidar;
				PRODUCT_NAME = "$(TARGET_NAME)";
				SWIFT_EMIT_LOC_STRINGS = YES;
				SWIFT_VERSION = 5.0;
				TARGETED_DEVICE_FAMILY = "1,2";
			};
			name = Debug;
		};
		D5E2DC87301BE0C8008B1F29 /* Release */ = {
			isa = XCBuildConfiguration;
			buildSettings = {
				ASSETCATALOG_COMPILER_APPICON_NAME = AppIcon;
				ASSETCATALOG_COMPILER_GLOBAL_ACCENT_COLOR_NAME = AccentColor;
				CODE_SIGN_STYLE = Automatic;
				CURRENT_PROJECT_VERSION = 1;
				DEVELOPMENT_TEAM = 2P43R8TU72;
				ENABLE_PREVIEWS = YES;
				GENERATE_INFOPLIST_FILE = YES;
				INFOPLIST_KEY_UIApplicationSceneManifest_Generation = YES;
				INFOPLIST_KEY_UIApplicationSupportsIndirectInputEvents = YES;
				INFOPLIST_KEY_UILaunchScreen_Generation = YES;
				INFOPLIST_KEY_UISupportedInterfaceOrientations_iPad = "UIInterfaceOrientationPortrait UIInterfaceOrientationPortraitUpsideDown UIInterfaceOrientationLandscapeLeft UIInterfaceOrientationLandscapeRight";
				INFOPLIST_KEY_UISupportedInterfaceOrientations_iPhone = "UIInterfaceOrientationPortrait UIInterfaceOrientationLandscapeLeft UIInterfaceOrientationLandscapeRight";
				LD_RUNPATH_SEARCH_PATHS = (
					"$(inherited)",
					"@executable_path/Frameworks",
				);
				MARKETING_VERSION = 1.0;
				PRODUCT_BUNDLE_IDENTIFIER = com.TedSchultz.lidar;
				PRODUCT_NAME = "$(TARGET_NAME)";
				SWIFT_EMIT_LOC_STRINGS = YES;
				SWIFT_VERSION = 5.0;
				TARGETED_DEVICE_FAMILY = "1,2";
			};
			name = Release;
		};
		D5E2DC89301BE0C8008B1F29 /* Debug */ = {
			isa = XCBuildConfiguration;
			buildSettings = {
				BUNDLE_LOADER = "$(TEST_HOST)";
				CODE_SIGN_STYLE = Automatic;
				CURRENT_PROJECT_VERSION = 1;
				DEVELOPMENT_TEAM = 2P43R8TU72;
				GENERATE_INFOPLIST_FILE = YES;
				IPHONEOS_DEPLOYMENT_TARGET = 18.4;
				MARKETING_VERSION = 1.0;
				PRODUCT_BUNDLE_IDENTIFIER = com.TedSchultz.lidarTests;
				PRODUCT_NAME = "$(TARGET_NAME)";
				SWIFT_EMIT_LOC_STRINGS = NO;
				SWIFT_VERSION = 5.0;
				TARGETED_DEVICE_FAMILY = "1,2";
				TEST_HOST = "$(BUILT_PRODUCTS_DIR)/lidar.app/$(BUNDLE_EXECUTABLE_FOLDER_PATH)/lidar";
			};
			name = Debug;
		};
		D5E2DC8A301BE0C8008B1F29 /* Release */ = {
			isa = XCBuildConfiguration;
			buildSettings = {
				BUNDLE_LOADER = "$(TEST_HOST)";
				CODE_SIGN_STYLE = Automatic;
				CURRENT_PROJECT_VERSION = 1;
				DEVELOPMENT_TEAM = 2P43R8TU72;
				GENERATE_INFOPLIST_FILE = YES;
				IPHONEOS_DEPLOYMENT_TARGET = 18.4;
				MARKETING_VERSION = 1.0;
				PRODUCT_BUNDLE_IDENTIFIER = com.TedSchultz.lidarTests;
				PRODUCT_NAME = "$(TARGET_NAME)";
				SWIFT_EMIT_LOC_STRINGS = NO;
				SWIFT_VERSION = 5.0;
				TARGETED_DEVICE_FAMILY = "1,2";
				TEST_HOST = "$(BUILT_PRODUCTS_DIR)/lidar.app/$(BUNDLE_EXECUTABLE_FOLDER_PATH)/lidar";
			};
			name = Release;
		};
		D5E2DC8C301BE0C8008B1F29 /* Debug */ = {
			isa = XCBuildConfiguration;
			buildSettings = {
				CODE_SIGN_STYLE = Automatic;
				CURRENT_PROJECT_VERSION = 1;
				DEVELOPMENT_TEAM = 2P43R8TU72;
				GENERATE_INFOPLIST_FILE = YES;
				MARKETING_VERSION = 1.0;
				PRODUCT_BUNDLE_IDENTIFIER = com.TedSchultz.lidarUITests;
				PRODUCT_NAME = "$(TARGET_NAME)";
				SWIFT_EMIT_LOC_STRINGS = NO;
				SWIFT_VERSION = 5.0;
				TARGETED_DEVICE_FAMILY = "1,2";
				TEST_TARGET_NAME = lidar;
			};
			name = Debug;
		};
		D5E2DC8D301BE0C8008B1F29 /* Release */ = {
			isa = XCBuildConfiguration;
			buildSettings = {
				CODE_SIGN_STYLE = Automatic;
				CURRENT_PROJECT_VERSION = 1;
				DEVELOPMENT_TEAM = 2P43R8TU72;
				GENERATE_INFOPLIST_FILE = YES;
				MARKETING_VERSION = 1.0;
				PRODUCT_BUNDLE_IDENTIFIER = com.TedSchultz.lidarUITests;
				PRODUCT_NAME = "$(TARGET_NAME)";
				SWIFT_EMIT_LOC_STRINGS = NO;
				SWIFT_VERSION = 5.0;
				TARGETED_DEVICE_FAMILY = "1,2";
				TEST_TARGET_NAME = lidar;
			};
			name = Release;
		};
/* End XCBuildConfiguration section */

/* Begin XCConfigurationList section */
		D5E2DC5A301BE0C4008B1F29 /* Build configuration list for PBXProject "lidar" */ = {
			isa = XCConfigurationList;
			buildConfigurations = (
				D5E2DC83301BE0C8008B1F29 /* Debug */,
				D5E2DC84301BE0C8008B1F29 /* Release */,
			);
			defaultConfigurationIsVisible = 0;
			defaultConfigurationName = Release;
		};
		D5E2DC85301BE0C8008B1F29 /* Build configuration list for PBXNativeTarget "lidar" */ = {
			isa = XCConfigurationList;
			buildConfigurations = (
				D5E2DC86301BE0C8008B1F29 /* Debug */,
				D5E2DC87301BE0C8008B1F29 /* Release */,
			);
			defaultConfigurationIsVisible = 0;
			defaultConfigurationName = Release;
		};
		D5E2DC88301BE0C8008B1F29 /* Build configuration list for PBXNativeTarget "lidarTests" */ = {
			isa = XCConfigurationList;
			buildConfigurations = (
				D5E2DC89301BE0C8008B1F29 /* Debug */,
				D5E2DC8A301BE0C8008B1F29 /* Release */,
			);
			defaultConfigurationIsVisible = 0;
			defaultConfigurationName = Release;
		};
		D5E2DC8B301BE0C8008B1F29 /* Build configuration list for PBXNativeTarget "lidarUITests" */ = {
			isa = XCConfigurationList;
			buildConfigurations = (
				D5E2DC8C301BE0C8008B1F29 /* Debug */,
				D5E2DC8D301BE0C8008B1F29 /* Release */,
			);
			defaultConfigurationIsVisible = 0;
			defaultConfigurationName = Release;
		};
/* End XCConfigurationList section */
	};
	rootObject = D5E2DC57301BE0C4008B1F29 /* Project object */;
}
